// !$*UTF8*$!
{
	archiveVersion = 1;
	classes = {
	};
	objectVersion = 50;
	objects = {

/* Begin PBXBuildFile section */
		30EE9B2A25AE1ECC00589500 /* AppDelegate.swift in Sources */ = {isa = PBXBuildFile; fileRef = 30EE9B2925AE1ECC00589500 /* AppDelegate.swift */; };
		30EE9B2C25AE1ECC00589500 /* SceneDelegate.swift in Sources */ = {isa = PBXBuildFile; fileRef = 30EE9B2B25AE1ECC00589500 /* SceneDelegate.swift */; };
		30EE9B2E25AE1ECC00589500 /* ViewController.swift in Sources */ = {isa = PBXBuildFile; fileRef = 30EE9B2D25AE1ECC00589500 /* ViewController.swift */; };
		30EE9B3125AE1ECC00589500 /* Main.storyboard in Resources */ = {isa = PBXBuildFile; fileRef = 30EE9B2F25AE1ECC00589500 /* Main.storyboard */; };
		30EE9B3325AE1ECD00589500 /* Assets.xcassets in Resources */ = {isa = PBXBuildFile; fileRef = 30EE9B3225AE1ECD00589500 /* Assets.xcassets */; };
		30EE9B3625AE1ECD00589500 /* LaunchScreen.storyboard in Resources */ = {isa = PBXBuildFile; fileRef = 30EE9B3425AE1ECD00589500 /* LaunchScreen.storyboard */; };
		30EE9B4125AE1ECE00589500 /* TesingTests.swift in Sources */ = {isa = PBXBuildFile; fileRef = 30EE9B4025AE1ECE00589500 /* TesingTests.swift */; };
		30EE9B4C25AE1ECE00589500 /* TesingUITests.swift in Sources */ = {isa = PBXBuildFile; fileRef = 30EE9B4B25AE1ECE00589500 /* TesingUITests.swift */; };
		30EE9B5F25AE1F9B00589500 /* SWRevealViewController.m in Sources */ = {isa = PBXBuildFile; fileRef = 30EE9B5E25AE1F9B00589500 /* SWRevealViewController.m */; };
/* End PBXBuildFile section */

/* Begin PBXContainerItemProxy section */
		30EE9B3D25AE1ECE00589500 /* PBXContainerItemProxy */ = {
			isa = PBXContainerItemProxy;
			containerPortal = 30EE9B1E25AE1ECC00589500 /* Project object */;
			proxyType = 1;
			remoteGlobalIDString = 30EE9B2525AE1ECC00589500;
			remoteInfo = Tesing;
		};
		30EE9B4825AE1ECE00589500 /* PBXContainerItemProxy */ = {
			isa = PBXContainerItemProxy;
			containerPortal = 30EE9B1E25AE1ECC00589500 /* Project object */;
			proxyType = 1;
			remoteGlobalIDString = 30EE9B2525AE1ECC00589500;
			remoteInfo = Tesing;
		};
/* End PBXContainerItemProxy section */

/* Begin PBXFileReference section */
		30EE9B2625AE1ECC00589500 /* Tesing.app */ = {isa = PBXFileReference; explicitFileType = wrapper.application; includeInIndex = 0; path = Tesing.app; sourceTree = BUILT_PRODUCTS_DIR; };
		30EE9B2925AE1ECC00589500 /* AppDelegate.swift */ = {isa = PBXFileReference; lastKnownFileType = sourcecode.swift; path = AppDelegate.swift; sourceTree = "<group>"; };
		30EE9B2B25AE1ECC00589500 /* SceneDelegate.swift */ = {isa = PBXFileReference; lastKnownFileType = sourcecode.swift; path = SceneDelegate.swift; sourceTree = "<group>"; };
		30EE9B2D25AE1ECC00589500 /* ViewController.swift */ = {isa = PBXFileReference; lastKnownFileType = sourcecode.swift; path = ViewController.swift; sourceTree = "<group>"; };
		30EE9B3025AE1ECC00589500 /* Base */ = {isa = PBXFileReference; lastKnownFileType = file.storyboard; name = Base; path = Base.lproj/Main.storyboard; sourceTree = "<group>"; };
		30EE9B3225AE1ECD00589500 /* Assets.xcassets */ = {isa = PBXFileReference; lastKnownFileType = folder.assetcatalog; path = Assets.xcassets; sourceTree = "<group>"; };
		30EE9B3525AE1ECD00589500 /* Base */ = {isa = PBXFileReference; lastKnownFileType = file.storyboard; name = Base; path = Base.lproj/LaunchScreen.storyboard; sourceTree = "<group>"; };
		30EE9B3725AE1ECD00589500 /* Info.plist */ = {isa = PBXFileReference; lastKnownFileType = text.plist.xml; path = Info.plist; sourceTree = "<group>"; };
		30EE9B3C25AE1ECE00589500 /* TesingTests.xctest */ = {isa = PBXFileReference; explicitFileType = wrapper.cfbundle; includeInIndex = 0; path = TesingTests.xctest; sourceTree = BUILT_PRODUCTS_DIR; };
		30EE9B4025AE1ECE00589500 /* TesingTests.swift */ = {isa = PBXFileReference; lastKnownFileType = sourcecode.swift; path = TesingTests.swift; sourceTree = "<group>"; };
		30EE9B4225AE1ECE00589500 /* Info.plist */ = {isa = PBXFileReference; lastKnownFileType = text.plist.xml; path = Info.plist; sourceTree = "<group>"; };
		30EE9B4725AE1ECE00589500 /* TesingUITests.xctest */ = {isa = PBXFileReference; explicitFileType = wrapper.cfbundle; includeInIndex = 0; path = TesingUITests.xctest; sourceTree = BUILT_PRODUCTS_DIR; };
		30EE9B4B25AE1ECE00589500 /* TesingUITests.swift */ = {isa = PBXFileReference; lastKnownFileType = sourcecode.swift; path = TesingUITests.swift; sourceTree = "<group>"; };
		30EE9B4D25AE1ECE00589500 /* Info.plist */ = {isa = PBXFileReference; lastKnownFileType = text.plist.xml; path = Info.plist; sourceTree = "<group>"; };
		30EE9B5C25AE1F9B00589500 /* Tesing-Bridging-Header.h */ = {isa = PBXFileReference; lastKnownFileType = sourcecode.c.h; path = "Tesing-Bridging-Header.h"; sourceTree = "<group>"; };
		30EE9B5D25AE1F9B00589500 /* SWRevealViewController.h */ = {isa = PBXFileReference; fileEncoding = 4; lastKnownFileType = sourcecode.c.h; path = SWRevealViewController.h; sourceTree = "<group>"; };
		30EE9B5E25AE1F9B00589500 /* SWRevealViewController.m */ = {isa = PBXFileReference; fileEncoding = 4; lastKnownFileType = sourcecode.c.objc; path = SWRevealViewController.m; sourceTree = "<group>"; };
/* End PBXFileReference section */

/* Begin PBXFrameworksBuildPhase section */
		30EE9B2325AE1ECC00589500 /* Frameworks */ = {
			isa = PBXFrameworksBuildPhase;
			buildActionMask = 2147483647;
			files = (
			);
			runOnlyForDeploymentPostprocessing = 0;
		};
		30EE9B3925AE1ECE00589500 /* Frameworks */ = {
			isa = PBXFrameworksBuildPhase;
			buildActionMask = 2147483647;
			files = (
			);
			runOnlyForDeploymentPostprocessing = 0;
		};
		30EE9B4425AE1ECE00589500 /* Frameworks */ = {
			isa = PBXFrameworksBuildPhase;
			buildActionMask = 2147483647;
			files = (
			);
			runOnlyForDeploymentPostprocessing = 0;
		};
/* End PBXFrameworksBuildPhase section */

/* Begin PBXGroup section */
		30EE9B1D25AE1ECC00589500 = {
			isa = PBXGroup;
			children = (
				30EE9B2825AE1ECC00589500 /* Tesing */,
				30EE9B3F25AE1ECE00589500 /* TesingTests */,
				30EE9B4A25AE1ECE00589500 /* TesingUITests */,
				30EE9B2725AE1ECC00589500 /* Products */,
			);
			sourceTree = "<group>";
		};
		30EE9B2725AE1ECC00589500 /* Products */ = {
			isa = PBXGroup;
			children = (
				30EE9B2625AE1ECC00589500 /* Tesing.app */,
				30EE9B3C25AE1ECE00589500 /* TesingTests.xctest */,
				30EE9B4725AE1ECE00589500 /* TesingUITests.xctest */,
			);
			name = Products;
			sourceTree = "<group>";
		};
		30EE9B2825AE1ECC00589500 /* Tesing */ = {
			isa = PBXGroup;
			children = (
				30EE9B2925AE1ECC00589500 /* AppDelegate.swift */,
				30EE9B2B25AE1ECC00589500 /* SceneDelegate.swift */,
				30EE9B2D25AE1ECC00589500 /* ViewController.swift */,
				30EE9B2F25AE1ECC00589500 /* Main.storyboard */,
				30EE9B3225AE1ECD00589500 /* Assets.xcassets */,
				30EE9B3425AE1ECD00589500 /* LaunchScreen.storyboard */,
				30EE9B3725AE1ECD00589500 /* Info.plist */,
				30EE9B5D25AE1F9B00589500 /* SWRevealViewController.h */,
				30EE9B5E25AE1F9B00589500 /* SWRevealViewController.m */,
				30EE9B5C25AE1F9B00589500 /* Tesing-Bridging-Header.h */,
			);
			path = Tesing;
			sourceTree = "<group>";
		};
		30EE9B3F25AE1ECE00589500 /* TesingTests */ = {
			isa = PBXGroup;
			children = (
				30EE9B4025AE1ECE00589500 /* TesingTests.swift */,
				30EE9B4225AE1ECE00589500 /* Info.plist */,
			);
			path = TesingTests;
			sourceTree = "<group>";
		};
		30EE9B4A25AE1ECE00589500 /* TesingUITests */ = {
			isa = PBXGroup;
			children = (
				30EE9B4B25AE1ECE00589500 /* TesingUITests.swift */,
				30EE9B4D25AE1ECE00589500 /* Info.plist */,
			);
			path = TesingUITests;
			sourceTree = "<group>";
		};
/* End PBXGroup section */

/* Begin PBXNativeTarget section */
		30EE9B2525AE1ECC00589500 /* Tesing */ = {
			isa = PBXNativeTarget;
			buildConfigurationList = 30EE9B5025AE1ECE00589500 /* Build configuration list for PBXNativeTarget "Tesing" */;
			buildPhases = (
				30EE9B2225AE1ECC00589500 /* Sources */,
				30EE9B2325AE1ECC00589500 /* Frameworks */,
				30EE9B2425AE1ECC00589500 /* Resources */,
			);
			buildRules = (
			);
			dependencies = (
			);
			name = Tesing;
			productName = Tesing;
			productReference = 30EE9B2625AE1ECC00589500 /* Tesing.app */;
			productType = "com.apple.product-type.application";
		};
		30EE9B3B25AE1ECE00589500 /* TesingTests */ = {
			isa = PBXNativeTarget;
			buildConfigurationList = 30EE9B5325AE1ECE00589500 /* Build configuration list for PBXNativeTarget "TesingTests" */;
			buildPhases = (
				30EE9B3825AE1ECE00589500 /* Sources */,
				30EE9B3925AE1ECE00589500 /* Frameworks */,
				30EE9B3A25AE1ECE00589500 /* Resources */,
			);
			buildRules = (
			);
			dependencies = (
				30EE9B3E25AE1ECE00589500 /* PBXTargetDependency */,
			);
			name = TesingTests;
			productName = TesingTests;
			productReference = 30EE9B3C25AE1ECE00589500 /* TesingTests.xctest */;
			productType = "com.apple.product-type.bundle.unit-test";
		};
		30EE9B4625AE1ECE00589500 /* TesingUITests */ = {
			isa = PBXNativeTarget;
			buildConfigurationList = 30EE9B5625AE1ECE00589500 /* Build configuration list for PBXNativeTarget "TesingUITests" */;
			buildPhases = (
				30EE9B4325AE1ECE00589500 /* Sources */,
				30EE9B4425AE1ECE00589500 /* Frameworks */,
				30EE9B4525AE1ECE00589500 /* Resources */,
			);
			buildRules = (
			);
			dependencies = (
				30EE9B4925AE1ECE00589500 /* PBXTargetDependency */,
			);
			name = TesingUITests;
			productName = TesingUITests;
			productReference = 30EE9B4725AE1ECE00589500 /* TesingUITests.xctest */;
			productType = "com.apple.product-type.bundle.ui-testing";
		};
/* End PBXNativeTarget section */

/* Begin PBXProject section */
		30EE9B1E25AE1ECC00589500 /* Project object */ = {
			isa = PBXProject;
			attributes = {
				LastSwiftUpdateCheck = 1230;
				LastUpgradeCheck = 1230;
				TargetAttributes = {
					30EE9B2525AE1ECC00589500 = {
						CreatedOnToolsVersion = 12.3;
						LastSwiftMigration = 1230;
					};
					30EE9B3B25AE1ECE00589500 = {
						CreatedOnToolsVersion = 12.3;
						TestTargetID = 30EE9B2525AE1ECC00589500;
					};
					30EE9B4625AE1ECE00589500 = {
						CreatedOnToolsVersion = 12.3;
						TestTargetID = 30EE9B2525AE1ECC00589500;
					};
				};
			};
			buildConfigurationList = 30EE9B2125AE1ECC00589500 /* Build configuration list for PBXProject "Tesing" */;
			compatibilityVersion = "Xcode 9.3";
			developmentRegion = en;
			hasScannedForEncodings = 0;
			knownRegions = (
				en,
				Base,
			);
			mainGroup = 30EE9B1D25AE1ECC00589500;
			productRefGroup = 30EE9B2725AE1ECC00589500 /* Products */;
			projectDirPath = "";
			projectRoot = "";
			targets = (
				30EE9B2525AE1ECC00589500 /* Tesing */,
				30EE9B3B25AE1ECE00589500 /* TesingTests */,
				30EE9B4625AE1ECE00589500 /* TesingUITests */,
			);
		};
/* End PBXProject section */

/* Begin PBXResourcesBuildPhase section */
		30EE9B2425AE1ECC00589500 /* Resources */ = {
			isa = PBXResourcesBuildPhase;
			buildActionMask = 2147483647;
			files = (
				30EE9B3625AE1ECD00589500 /* LaunchScreen.storyboard in Resources */,
				30EE9B3325AE1ECD00589500 /* Assets.xcassets in Resources */,
				30EE9B3125AE1ECC00589500 /* Main.storyboard in Resources */,
			);
			runOnlyForDeploymentPostprocessing = 0;
		};
		30EE9B3A25AE1ECE00589500 /* Resources */ = {
			isa = PBXResourcesBuildPhase;
			buildActionMask = 2147483647;
			files = (
			);
			runOnlyForDeploymentPostprocessing = 0;
		};
		30EE9B4525AE1ECE00589500 /* Resources */ = {
			isa = PBXResourcesBuildPhase;
			buildActionMask = 2147483647;
			files = (
			);
			runOnlyForDeploymentPostprocessing = 0;
		};
/* End PBXResourcesBuildPhase section */

/* Begin PBXSourcesBuildPhase section */
		30EE9B2225AE1ECC00589500 /* Sources */ = {
			isa = PBXSourcesBuildPhase;
			buildActionMask = 2147483647;
			files = (
				30EE9B2E25AE1ECC00589500 /* ViewController.swift in Sources */,
				30EE9B2A25AE1ECC00589500 /* AppDelegate.swift in Sources */,
				30EE9B2C25AE1ECC00589500 /* SceneDelegate.swift in Sources */,
				30EE9B5F25AE1F9B00589500 /* SWRevealViewController.m in Sources */,
			);
			runOnlyForDeploymentPostprocessing = 0;
		};
		30EE9B3825AE1ECE00589500 /* Sources */ = {
			isa = PBXSourcesBuildPhase;
			buildActionMask = 2147483647;
			files = (
				30EE9B4125AE1ECE00589500 /* TesingTests.swift in Sources */,
			);
			runOnlyForDeploymentPostprocessing = 0;
		};
		30EE9B4325AE1ECE00589500 /* Sources */ = {
			isa = PBXSourcesBuildPhase;
			buildActionMask = 2147483647;
			files = (
				30EE9B4C25AE1ECE00589500 /* TesingUITests.swift in Sources */,
			);
			runOnlyForDeploymentPostprocessing = 0;
		};
/* End PBXSourcesBuildPhase section */

/* Begin PBXTargetDependency section */
		30EE9B3E25AE1ECE00589500 /* PBXTargetDependency */ = {
			isa = PBXTargetDependency;
			target = 30EE9B2525AE1ECC00589500 /* Tesing */;
			targetProxy = 30EE9B3D25AE1ECE00589500 /* PBXContainerItemProxy */;
		};
		30EE9B4925AE1ECE00589500 /* PBXTargetDependency */ = {
			isa = PBXTargetDependency;
			target = 30EE9B2525AE1ECC00589500 /* Tesing */;
			targetProxy = 30EE9B4825AE1ECE00589500 /* PBXContainerItemProxy */;
		};
/* End PBXTargetDependency section */

/* Begin PBXVariantGroup section */
		30EE9B2F25AE1ECC00589500 /* Main.storyboard */ = {
			isa = PBXVariantGroup;
			children = (
				30EE9B3025AE1ECC00589500 /* Base */,
			);
			name = Main.storyboard;
			sourceTree = "<group>";
		};
		30EE9B3425AE1ECD00589500 /* LaunchScreen.storyboard */ = {
			isa = PBXVariantGroup;
			children = (
				30EE9B3525AE1ECD00589500 /* Base */,
			);
			name = LaunchScreen.storyboard;
			sourceTree = "<group>";
		};
/* End PBXVariantGroup section */

/* Begin XCBuildConfiguration section */
		30EE9B4E25AE1ECE00589500 /* Debug */ = {
			isa = XCBuildConfiguration;
			buildSettings = {
				ALWAYS_SEARCH_USER_PATHS = NO;
				CLANG_ANALYZER_NONNULL = YES;
				CLANG_ANALYZER_NUMBER_OBJECT_CONVERSION = YES_AGGRESSIVE;
				CLANG_CXX_LANGUAGE_STANDARD = "gnu++14";
				CLANG_CXX_LIBRARY = "libc++";
				CLANG_ENABLE_MODULES = YES;
				CLANG_ENABLE_OBJC_ARC = YES;
				CLANG_ENABLE_OBJC_WEAK = YES;
				CLANG_WARN_BLOCK_CAPTURE_AUTORELEASING = YES;
				CLANG_WARN_BOOL_CONVERSION = YES;
				CLANG_WARN_COMMA = YES;
				CLANG_WARN_CONSTANT_CONVERSION = YES;
				CLANG_WARN_DEPRECATED_OBJC_IMPLEMENTATIONS = YES;
				CLANG_WARN_DIRECT_OBJC_ISA_USAGE = YES_ERROR;
				CLANG_WARN_DOCUMENTATION_COMMENTS = YES;
				CLANG_WARN_EMPTY_BODY = YES;
				CLANG_WARN_ENUM_CONVERSION = YES;
				CLANG_WARN_INFINITE_RECURSION = YES;
				CLANG_WARN_INT_CONVERSION = YES;
				CLANG_WARN_NON_LITERAL_NULL_CONVERSION = YES;
				CLANG_WARN_OBJC_IMPLICIT_RETAIN_SELF = YES;
				CLANG_WARN_OBJC_LITERAL_CONVERSION = YES;
				CLANG_WARN_OBJC_ROOT_CLASS = YES_ERROR;
				CLANG_WARN_QUOTED_INCLUDE_IN_FRAMEWORK_HEADER = YES;
				CLANG_WARN_RANGE_LOOP_ANALYSIS = YES;
				CLANG_WARN_STRICT_PROTOTYPES = YES;
				CLANG_WARN_SUSPICIOUS_MOVE = YES;
				CLANG_WARN_UNGUARDED_AVAILABILITY = YES_AGGRESSIVE;
				CLANG_WARN_UNREACHABLE_CODE = YES;
				CLANG_WARN__DUPLICATE_METHOD_MATCH = YES;
				COPY_PHASE_STRIP = NO;
				DEBUG_INFORMATION_FORMAT = dwarf;
				ENABLE_STRICT_OBJC_MSGSEND = YES;
				ENABLE_TESTABILITY = YES;
				GCC_C_LANGUAGE_STANDARD = gnu11;
				GCC_DYNAMIC_NO_PIC = NO;
				GCC_NO_COMMON_BLOCKS = YES;
				GCC_OPTIMIZATION_LEVEL = 0;
				GCC_PREPROCESSOR_DEFINITIONS = (
					"DEBUG=1",
					"$(inherited)",
				);
				GCC_WARN_64_TO_32_BIT_CONVERSION = YES;
				GCC_WARN_ABOUT_RETURN_TYPE = YES_ERROR;
				GCC_WARN_UNDECLARED_SELECTOR = YES;
				GCC_WARN_UNINITIALIZED_AUTOS = YES_AGGRESSIVE;
				GCC_WARN_UNUSED_FUNCTION = YES;
				GCC_WARN_UNUSED_VARIABLE = YES;
				IPHONEOS_DEPLOYMENT_TARGET = 14.3;
				MTL_ENABLE_DEBUG_INFO = INCLUDE_SOURCE;
				MTL_FAST_MATH = YES;
				ONLY_ACTIVE_ARCH = YES;
				SDKROOT = iphoneos;
				SWIFT_ACTIVE_COMPILATION_CONDITIONS = DEBUG;
				SWIFT_OPTIMIZATION_LEVEL = "-Onone";
			};
			name = Debug;
		};
		30EE9B4F25AE1ECE00589500 /* Release */ = {
			isa = XCBuildConfiguration;
			buildSettings = {
				ALWAYS_SEARCH_USER_PATHS = NO;
				CLANG_ANALYZER_NONNULL = YES;
				CLANG_ANALYZER_NUMBER_OBJECT_CONVERSION = YES_AGGRESSIVE;
				CLANG_CXX_LANGUAGE_STANDARD = "gnu++14";
				CLANG_CXX_LIBRARY = "libc++";
				CLANG_ENABLE_MODULES = YES;
				CLANG_ENABLE_OBJC_ARC = YES;
				CLANG_ENABLE_OBJC_WEAK = YES;
				CLANG_WARN_BLOCK_CAPTURE_AUTORELEASING = YES;
				CLANG_WARN_BOOL_CONVERSION = YES;
				CLANG_WARN_COMMA = YES;
				CLANG_WARN_CONSTANT_CONVERSION = YES;
				CLANG_WARN_DEPRECATED_OBJC_IMPLEMENTATIONS = YES;
				CLANG_WARN_DIRECT_OBJC_ISA_USAGE = YES_ERROR;
				CLANG_WARN_DOCUMENTATION_COMMENTS = YES;
				CLANG_WARN_EMPTY_BODY = YES;
				CLANG_WARN_ENUM_CONVERSION = YES;
				CLANG_WARN_INFINITE_RECURSION = YES;
				CLANG_WARN_INT_CONVERSION = YES;
				CLANG_WARN_NON_LITERAL_NULL_CONVERSION = YES;
				CLANG_WARN_OBJC_IMPLICIT_RETAIN_SELF = YES;
				CLANG_WARN_OBJC_LITERAL_CONVERSION = YES;
				CLANG_WARN_OBJC_ROOT_CLASS = YES_ERROR;
				CLANG_WARN_QUOTED_INCLUDE_IN_FRAMEWORK_HEADER = YES;
				CLANG_WARN_RANGE_LOOP_ANALYSIS = YES;
				CLANG_WARN_STRICT_PROTOTYPES = YES;
				CLANG_WARN_SUSPICIOUS_MOVE = YES;
				CLANG_WARN_UNGUARDED_AVAILABILITY = YES_AGGRESSIVE;
				CLANG_WARN_UNREACHABLE_CODE = YES;
				CLANG_WARN__DUPLICATE_METHOD_MATCH = YES;
				COPY_PHASE_STRIP = NO;
				DEBUG_INFORMATION_FORMAT = "dwarf-with-dsym";
				ENABLE_NS_ASSERTIONS = NO;
				ENABLE_STRICT_OBJC_MSGSEND = YES;
				GCC_C_LANGUAGE_STANDARD = gnu11;
				GCC_NO_COMMON_BLOCKS = YES;
				GCC_WARN_64_TO_32_BIT_CONVERSION = YES;
				GCC_WARN_ABOUT_RETURN_TYPE = YES_ERROR;
				GCC_WARN_UNDECLARED_SELECTOR = YES;
				GCC_WARN_UNINITIALIZED_AUTOS = YES_AGGRESSIVE;
				GCC_WARN_UNUSED_FUNCTION = YES;
				GCC_WARN_UNUSED_VARIABLE = YES;
				IPHONEOS_DEPLOYMENT_TARGET = 14.3;
				MTL_ENABLE_DEBUG_INFO = NO;
				MTL_FAST_MATH = YES;
				SDKROOT = iphoneos;
				SWIFT_COMPILATION_MODE = wholemodule;
				SWIFT_OPTIMIZATION_LEVEL = "-O";
				VALIDATE_PRODUCT = YES;
			};
			name = Release;
		};
		30EE9B5125AE1ECE00589500 /* Debug */ = {
			isa = XCBuildConfiguration;
			buildSettings = {
				ASSETCATALOG_COMPILER_APPICON_NAME = AppIcon;
				ASSETCATALOG_COMPILER_GLOBAL_ACCENT_COLOR_NAME = AccentColor;
				CLANG_ENABLE_MODULES = YES;
				CODE_SIGN_STYLE = Automatic;
				INFOPLIST_FILE = Tesing/Info.plist;
				LD_RUNPATH_SEARCH_PATHS = (
					"$(inherited)",
					"@executable_path/Frameworks",
				);
				PRODUCT_BUNDLE_IDENTIFIER = com.example.Tesing;
				PRODUCT_NAME = "$(TARGET_NAME)";
				SWIFT_OBJC_BRIDGING_HEADER = "Tesing/Tesing-Bridging-Header.h";
				SWIFT_OPTIMIZATION_LEVEL = "-Onone";
				SWIFT_VERSION = 5.0;
				TARGETED_DEVICE_FAMILY = "1,2";
			};
			name = Debug;
		};
		30EE9B5225AE1ECE00589500 /* Release */ = {
			isa = XCBuildConfiguration;
			buildSettings = {
				ASSETCATALOG_COMPILER_APPICON_NAME = AppIcon;
				ASSETCATALOG_COMPILER_GLOBAL_ACCENT_COLOR_NAME = AccentColor;
				CLANG_ENABLE_MODULES = YES;
				CODE_SIGN_STYLE = Automatic;
				INFOPLIST_FILE = Tesing/Info.plist;
				LD_RUNPATH_SEARCH_PATHS = (
					"$(inherited)",
					"@executable_path/Frameworks",
				);
				PRODUCT_BUNDLE_IDENTIFIER = com.example.Tesing;
				PRODUCT_NAME = "$(TARGET_NAME)";
				SWIFT_OBJC_BRIDGING_HEADER = "Tesing/Tesing-Bridging-Header.h";
				SWIFT_VERSION = 5.0;
				TARGETED_DEVICE_FAMILY = "1,2";
			};
			name = Release;
		};
		30EE9B5425AE1ECE00589500 /* Debug */ = {
			isa = XCBuildConfiguration;
			buildSettings = {
				ALWAYS_EMBED_SWIFT_STANDARD_LIBRARIES = YES;
				BUNDLE_LOADER = "$(TEST_HOST)";
				CODE_SIGN_STYLE = Automatic;
				INFOPLIST_FILE = TesingTests/Info.plist;
				IPHONEOS_DEPLOYMENT_TARGET = 14.3;
				LD_RUNPATH_SEARCH_PATHS = (
					"$(inherited)",
					"@executable_path/Frameworks",
					"@loader_path/Frameworks",
				);
				PRODUCT_BUNDLE_IDENTIFIER = com.example.TesingTests;
				PRODUCT_NAME = "$(TARGET_NAME)";
				SWIFT_VERSION = 5.0;
				TARGETED_DEVICE_FAMILY = "1,2";
				TEST_HOST = "$(BUILT_PRODUCTS_DIR)/Tesing.app/Tesing";
			};
			name = Debug;
		};
		30EE9B5525AE1ECE00589500 /* Release */ = {
			isa = XCBuildConfiguration;
			buildSettings = {
				ALWAYS_EMBED_SWIFT_STANDARD_LIBRARIES = YES;
				BUNDLE_LOADER = "$(TEST_HOST)";
				CODE_SIGN_STYLE = Automatic;
				INFOPLIST_FILE = TesingTests/Info.plist;
				IPHONEOS_DEPLOYMENT_TARGET = 14.3;
				LD_RUNPATH_SEARCH_PATHS = (
					"$(inherited)",
					"@executable_path/Frameworks",
					"@loader_path/Frameworks",
				);
				PRODUCT_BUNDLE_IDENTIFIER = com.example.TesingTests;
				PRODUCT_NAME = "$(TARGET_NAME)";
				SWIFT_VERSION = 5.0;
				TARGETED_DEVICE_FAMILY = "1,2";
				TEST_HOST = "$(BUILT_PRODUCTS_DIR)/Tesing.app/Tesing";
			};
			name = Release;
		};
		30EE9B5725AE1ECE00589500 /* Debug */ = {
			isa = XCBuildConfiguration;
			buildSettings = {
				ALWAYS_EMBED_SWIFT_STANDARD_LIBRARIES = YES;
				CODE_SIGN_STYLE = Automatic;
				INFOPLIST_FILE = TesingUITests/Info.plist;
				LD_RUNPATH_SEARCH_PATHS = (
					"$(inherited)",
					"@executable_path/Frameworks",
					"@loader_path/Frameworks",
				);
				PRODUCT_BUNDLE_IDENTIFIER = com.example.TesingUITests;
				PRODUCT_NAME = "$(TARGET_NAME)";
				SWIFT_VERSION = 5.0;
				TARGETED_DEVICE_FAMILY = "1,2";
				TEST_TARGET_NAME = Tesing;
			};
			name = Debug;
		};
		30EE9B5825AE1ECE00589500 /* Release */ = {
			isa = XCBuildConfiguration;
			buildSettings = {
				ALWAYS_EMBED_SWIFT_STANDARD_LIBRARIES = YES;
				CODE_SIGN_STYLE = Automatic;
				INFOPLIST_FILE = TesingUITests/Info.plist;
				LD_RUNPATH_SEARCH_PATHS = (
					"$(inherited)",
					"@executable_path/Frameworks",
					"@loader_path/Frameworks",
				);
				PRODUCT_BUNDLE_IDENTIFIER = com.example.TesingUITests;
				PRODUCT_NAME = "$(TARGET_NAME)";
				SWIFT_VERSION = 5.0;
				TARGETED_DEVICE_FAMILY = "1,2";
				TEST_TARGET_NAME = Tesing;
			};
			name = Release;
		};
/* End XCBuildConfiguration section */

/* Begin XCConfigurationList section */
		30EE9B2125AE1ECC00589500 /* Build configuration list for PBXProject "Tesing" */ = {
			isa = XCConfigurationList;
			buildConfigurations = (
				30EE9B4E25AE1ECE00589500 /* Debug */,
				30EE9B4F25AE1ECE00589500 /* Release */,
			);
			defaultConfigurationIsVisible = 0;
			defaultConfigurationName = Release;
		};
		30EE9B5025AE1ECE00589500 /* Build configuration list for PBXNativeTarget "Tesing" */ = {
			isa = XCConfigurationList;
			buildConfigurations = (
				30EE9B5125AE1ECE00589500 /* Debug */,
				30EE9B5225AE1ECE00589500 /* Release */,
			);
			defaultConfigurationIsVisible = 0;
			defaultConfigurationName = Release;
		};
		30EE9B5325AE1ECE00589500 /* Build configuration list for PBXNativeTarget "TesingTests" */ = {
			isa = XCConfigurationList;
			buildConfigurations = (
				30EE9B5425AE1ECE00589500 /* Debug */,
				30EE9B5525AE1ECE00589500 /* Release */,
			);
			defaultConfigurationIsVisible = 0;
			defaultConfigurationName = Release;
		};
		30EE9B5625AE1ECE00589500 /* Build configuration list for PBXNativeTarget "TesingUITests" */ = {
			isa = XCConfigurationList;
			buildConfigurations = (
				30EE9B5725AE1ECE00589500 /* Debug */,
				30EE9B5825AE1ECE00589500 /* Release */,
			);
			defaultConfigurationIsVisible = 0;
			defaultConfigurationName = Release;
		};
/* End XCConfigurationList section */
	};
	rootObject = 30EE9B1E25AE1ECC00589500 /* Project object */;
}
